# generated by rye
# use `rye lock` or `rye sync` to update this lockfile
#
# last locked with the following flags:
#   pre: false
#   features: []
#   all-features: false
#   with-sources: false
#   generate-hashes: false
#   universal: false

-e file:.
attrs==24.2.0
    # via hypothesis
beartype==0.18.5
    # via modular-form-activation
einops==0.8.0
    # via modular-form-activation
fancy-einsum==0.0.3
    # via modular-form-activation
filelock==3.16.1
    # via torch
fsspec==2024.9.0
    # via torch
hypothesis==6.112.1
    # via modular-form-activation
jax==0.4.33
    # via modular-form-activation
jaxlib==0.4.33
    # via jax
    # via modular-form-activation
jaxtyping==0.2.34
    # via modular-form-activation
jinja2==3.1.4
    # via torch
markupsafe==2.1.5
    # via jinja2
ml-dtypes==0.5.0
    # via jax
    # via jaxlib
mpmath==1.3.0
    # via sympy
networkx==3.3
    # via torch
numpy==2.1.1
    # via jax
    # via jaxlib
    # via ml-dtypes
    # via modular-form-activation
    # via opt-einsum
    # via scipy
    # via torchvision
opt-einsum==3.3.0
    # via jax
packaging==24.1
    # via plotly
pillow==10.4.0
    # via torchvision
plotly==5.24.1
    # via modular-form-activation
scipy==1.14.1
    # via jax
    # via jaxlib
    # via modular-form-activation
setuptools==75.1.0
    # via torch
sortedcontainers==2.4.0
    # via hypothesis
sympy==1.13.3
    # via torch
tenacity==9.0.0
    # via plotly
torch==2.4.1
    # via modular-form-activation
    # via torchvision
torchvision==0.19.1
    # via modular-form-activation
typeguard==2.13.3
    # via jaxtyping
typing-extensions==4.12.2
    # via torch
